# -------------------------------------------------------------------------- #
#
# Copyright (C) 1991-2013 Altera Corporation
# Your use of Altera Corporation's design tools, logic functions 
# and other software and tools, and its AMPP partner logic 
# functions, and any output files from any of the foregoing 
# (including device programming or simulation files), and any 
# associated documentation or information are expressly subject 
# to the terms and conditions of the Altera Program License 
# Subscription Agreement, Altera MegaCore Function License 
# Agreement, or other applicable license agreement, including, 
# without limitation, that your use is for the sole purpose of 
# programming logic devices manufactured by Altera and sold by 
# Altera or its authorized distributors.  Please refer to the 
# applicable agreement for further details.
#
# -------------------------------------------------------------------------- #
#
# Quartus II 64-Bit
# Version 13.1.0 Build 162 10/23/2013 SJ Web Edition
# Date created = 09:08:04  August 08, 2026
#
# -------------------------------------------------------------------------- #
#
# Notes:
#
# 1) The default values for assignments are stored in the file:
#		Riscv32i_assignment_defaults.qdf
#    If this file doesn't exist, see file:
#		assignment_defaults.qdf
#
# 2) Altera recommends that you do not modify this file. This
#    file is updated automatically by the Quartus II software
#    and any changes you make may be lost or overwritten.
#
# -------------------------------------------------------------------------- #


set_global_assignment -name FAMILY "Cyclone V"
set_global_assignment -name DEVICE 5CEBA4F23C7
set_global_assignment -name TOP_LEVEL_ENTITY MainScheme
set_global_assignment -name ORIGINAL_QUARTUS_VERSION 13.1
set_global_assignment -name PROJECT_CREATION_TIME_DATE "09:08:04  AUGUST 08, 2026"
set_global_assignment -name LAST_QUARTUS_VERSION 13.1
set_global_assignment -name PROJECT_OUTPUT_DIRECTORY output_files
set_global_assignment -name MIN_CORE_JUNCTION_TEMP 0
set_global_assignment -name MAX_CORE_JUNCTION_TEMP 85
set_global_assignment -name ERROR_CHECK_FREQUENCY_DIVISOR 1
set_global_assignment -name EDA_SIMULATION_TOOL "ModelSim-Altera (VHDL)"
set_global_assignment -name EDA_OUTPUT_DATA_FORMAT VHDL -section_id eda_simulation
set_global_assignment -name POWER_PRESET_COOLING_SOLUTION "23 MM HEAT SINK WITH 200 LFPM AIRFLOW"
set_global_assignment -name POWER_BOARD_THERMAL_MODEL "NONE (CONSERVATIVE)"

set_global_assignment -name STRATIX_DEVICE_IO_STANDARD "2.5 V"
set_location_assignment PIN_A7 -to B[3]
set_location_assignment PIN_A8 -to B[2]
set_location_assignment PIN_B7 -to B[1]
set_location_assignment PIN_B6 -to B[0]
set_location_assignment PIN_M9 -to clk
set_location_assignment PIN_J8 -to G[3]
set_location_assignment PIN_J7 -to G[2]
set_location_assignment PIN_K7 -to G[1]
set_location_assignment PIN_L7 -to G[0]
set_location_assignment PIN_H8 -to hs
set_location_assignment PIN_A5 -to R[3]
set_location_assignment PIN_C9 -to R[2]
set_location_assignment PIN_B10 -to R[1]
set_location_assignment PIN_A9 -to R[0]
set_location_assignment PIN_U7 -to reset
set_location_assignment PIN_R7 -to sdram_addr[12]
set_location_assignment PIN_P6 -to sdram_addr[11]
set_location_assignment PIN_U8 -to sdram_addr[10]
set_location_assignment PIN_R5 -to sdram_addr[9]
set_location_assignment PIN_P8 -to sdram_addr[8]
set_location_assignment PIN_P7 -to sdram_addr[7]
set_location_assignment PIN_P12 -to sdram_addr[6]
set_location_assignment PIN_AB10 -to sdram_addr[5]
set_location_assignment PIN_N6 -to sdram_addr[4]
set_location_assignment PIN_Y10 -to sdram_addr[3]
set_location_assignment PIN_U11 -to sdram_addr[2]
set_location_assignment PIN_T8 -to sdram_addr[1]
set_location_assignment PIN_W8 -to sdram_addr[0]
set_location_assignment PIN_AB7 -to sdram_ba[1]
set_location_assignment PIN_T7 -to sdram_ba[0]
set_location_assignment PIN_V6 -to sdram_cas_n
set_location_assignment PIN_R6 -to sdram_cke
set_location_assignment PIN_AB11 -to sdram_clk
set_location_assignment PIN_U6 -to sdram_cs_n
set_location_assignment PIN_T9 -to sdram_dq[15]
set_location_assignment PIN_U10 -to sdram_dq[14]
set_location_assignment PIN_V9 -to sdram_dq[13]
set_location_assignment PIN_V10 -to sdram_dq[12]
set_location_assignment PIN_AA7 -to sdram_dq[11]
set_location_assignment PIN_AA8 -to sdram_dq[10]
set_location_assignment PIN_AB8 -to sdram_dq[9]
set_location_assignment PIN_AA9 -to sdram_dq[8]
set_location_assignment PIN_AA12 -to sdram_dq[7]
set_location_assignment PIN_R12 -to sdram_dq[6]
set_location_assignment PIN_R11 -to sdram_dq[5]
set_location_assignment PIN_R10 -to sdram_dq[4]
set_location_assignment PIN_Y11 -to sdram_dq[3]
set_location_assignment PIN_R9 -to sdram_dq[2]
set_location_assignment PIN_T10 -to sdram_dq[1]
set_location_assignment PIN_Y9 -to sdram_dq[0]
set_location_assignment PIN_N8 -to sdram_dqmh
set_location_assignment PIN_U12 -to sdram_dqml
set_location_assignment PIN_AB6 -to sdram_ras_n
set_location_assignment PIN_AB5 -to sdram_we_n
set_location_assignment PIN_G8 -to vs
set_location_assignment PIN_N16 -to rx
set_global_assignment -name PARTITION_NETLIST_TYPE SOURCE -section_id Top
set_global_assignment -name PARTITION_FITTER_PRESERVATION_LEVEL PLACEMENT_AND_ROUTING -section_id Top
set_global_assignment -name PARTITION_COLOR 16764057 -section_id Top
set_global_assignment -name SEARCH_PATH "c:\\users\\aleksandar\\documents\\github\\ar"
set_global_assignment -name SEARCH_PATH "c:\\users\\aleksandar\\documents\\github\\ar\\sdram"
set_global_assignment -name SEARCH_PATH "c:\\users\\aleksandar\\documents\\github\\ar\\components\\decoders"
set_global_assignment -name SEARCH_PATH "c:\\users\\aleksandar\\documents\\github\\ar\\components\\reg"
set_global_assignment -name SEARCH_PATH "c:\\users\\aleksandar\\documents\\github\\ar\\components"
set_location_assignment PIN_U21 -to HEX00
set_location_assignment PIN_V21 -to HEX01
set_location_assignment PIN_W22 -to HEX02
set_location_assignment PIN_W21 -to HEX03
set_location_assignment PIN_Y22 -to HEX04
set_location_assignment PIN_Y21 -to HEX05
set_location_assignment PIN_AA22 -to HEX06
set_location_assignment PIN_AA20 -to HEX10
set_location_assignment PIN_AB20 -to HEX11
set_location_assignment PIN_AA19 -to HEX12
set_location_assignment PIN_AA18 -to HEX13
set_location_assignment PIN_AB18 -to HEX14
set_location_assignment PIN_AA17 -to HEX15
set_location_assignment PIN_U22 -to HEX16
set_location_assignment PIN_Y19 -to HEX20
set_location_assignment PIN_AB17 -to HEX21
set_location_assignment PIN_AA10 -to HEX22
set_location_assignment PIN_Y14 -to HEX23
set_location_assignment PIN_V14 -to HEX24
set_location_assignment PIN_AB22 -to HEX25
set_location_assignment PIN_AB21 -to HEX26
set_location_assignment PIN_L1 -to pin_name1
set_global_assignment -name VERILOG_FILE "../components/ROM ZA CPU/ROM_CPU3.v"
set_global_assignment -name BDF_FILE mainScheme/MainScheme.bdf
set_global_assignment -name VHDL_FILE ../components/ROM/ROM_SIN_ASYNC.vhd
set_global_assignment -name VERILOG_FILE ../lidar/LidarPointCalculator/RealXY/CalculateXY_fixed.v
set_global_assignment -name VERILOG_FILE ../lidar/LidarInterface/LidarInterface_fixed.v
set_global_assignment -name VERILOG_FILE "../tests/RISCV32I test/LEDPeripheral.v"
set_global_assignment -name VERILOG_FILE "../tests/RISCV32I test/verilogComp.v"
set_global_assignment -name VERILOG_FILE "../tests/RISCV32I test/ROM_CPU3.v"
set_global_assignment -name VERILOG_FILE "../tests/RISCV32I test/ROM_CPU2.v"
set_global_assignment -name VHDL_FILE "../components/ROM ZA CPU/ROM_CPU.vhd"
set_global_assignment -name BDF_FILE "../tests/RISCV32I test/InstructionMemory version2/riscv32iTest.bdf"
set_global_assignment -name BDF_FILE "../tests/RISCV32I test/InstructionMemory version2/InstrctionMemory2.bdf"
set_global_assignment -name BDF_FILE ../vga/VGAControler/Controller2.bdf
set_global_assignment -name VHDL_FILE ../vga/components/ClockDivider/ClockDivider_ns.vhd
set_global_assignment -name BDF_FILE ../vga/components/RisignEdge/RisingEdgeDetector.bdf
set_global_assignment -name BDF_FILE finalnaVerzija/VgaBusInterface.bdf
set_global_assignment -name BDF_FILE finalnaVerzija/riscvi32i_4.bdf
set_global_assignment -name VHDL_FILE ../components/MPX/MPX2_10BIT.vhd
set_global_assignment -name VHDL_FILE ../vga/FrameBuffer/FrameBufferRAM.vhd
set_global_assignment -name BDF_FILE ../vga/FrameBuffer/FrameBufferWrapper.bdf
set_global_assignment -name VHDL_FILE ../components/DECODERS/DEC3.vhd
set_global_assignment -name VHDL_FILE ../components/MPX/MPX8.vhd
set_global_assignment -name VHDL_FILE ../components/MPX/MPX2_8BIT.vhd
set_global_assignment -name BDF_FILE ../vga/FrameBuffer/FrameBuffer.bdf
set_global_assignment -name VHDL_FILE "../vga/components/RegX & CMPX/MultiplexerX.vhd"
set_global_assignment -name VHDL_FILE "../vga/components/RegX & CMPX/RegisterX.vhd"
set_global_assignment -name VHDL_FILE "../vga/components/Compator & constant/ComparatorX.vhd"
set_global_assignment -name BDF_FILE ../vga/Layers/Point/Point.bdf
set_global_assignment -name BDF_FILE ../vga/Layers/Background/BackgroundMain.bdf
set_global_assignment -name BDF_FILE ../vga/VGAControler/Controller.bdf
set_global_assignment -name BDF_FILE ../vga/Monitor/Monitor.bdf
set_global_assignment -name VERILOG_FILE ../lidar/lpm_counter/counter_8bit.v
set_global_assignment -name VERILOG_FILE ../lidar/BAUD_GENERATOR/BAUD_GENERATOR.v
set_global_assignment -name BSF_FILE ../lidar/BAUD_GENERATOR/BAUD_GENERATOR.bsf
set_global_assignment -name BSF_FILE ../lidar/lpm_counter/counter_8bit.bsf
set_global_assignment -name VHDL_FILE "../vga/components/Compator & constant/ConstantX.vhd"
set_global_assignment -name BDF_FILE ../sdram/sdram_controller.bdf
set_global_assignment -name BDF_FILE "../lidar/Lidar Bus/LidarBusInterface.bdf"
set_global_assignment -name BDF_FILE ../sdram/sdram_wrapper.bdf
set_global_assignment -name HEX_FILE InstructionMemory/InicializationData.hex
set_global_assignment -name BDF_FILE ../bus/BusFSM/BusFSM2.bdf
set_global_assignment -name BDF_FILE ../components/REG/REG4_LD_CL.bdf
set_global_assignment -name VHDL_FILE ../components/CONST/CONST_MODE_030_13b/CONST_MODE_030_13b.vhd
set_global_assignment -name VHDL_FILE ../components/CONST/CONST_CMD_WRITE_16b/CONST_CMD_WRITE_16b.vhd
set_global_assignment -name VHDL_FILE ../components/CONST/CONST_CMD_REFRESH_16b/CONST_CMD_REFRESH_16b.vhd
set_global_assignment -name VHDL_FILE ../components/CONST/CONST_CMD_READ_16b/CONST_CMD_READ_16b.vhd
set_global_assignment -name VHDL_FILE ../components/CONST/CONST_CMD_PRE_16b/CONST_CMD_PRE_16b.vhd
set_global_assignment -name VHDL_FILE ../components/CONST/CONST_CMD_PALL_16b/CONST_CMD_PALL_16b.vhd
set_global_assignment -name VHDL_FILE ../components/CONST/CONST_CMD_NOP_16b/CONST_CMD_NOP_16b.vhd
set_global_assignment -name VHDL_FILE ../components/CONST/CONST_CMD_MRS_16b/CONST_CMD_MRS_16b.vhd
set_global_assignment -name VHDL_FILE ../components/CONST/CONST_CMD_ACTIVE_16b/CONST_CMD_ACTIVE_16b.vhd
set_global_assignment -name VHDL_FILE ../components/CONST/CONST_10000_16b/CONST_10000_16b.vhd
set_global_assignment -name VHDL_FILE ../components/CONST/CONST_389_16b/CONST_389_16b.vhd
set_global_assignment -name VHDL_FILE ../components/CONST/CONST_8_16b/CONST_8_16b.vhd
set_global_assignment -name VHDL_FILE ../components/CONST/CONST_1_25b/CONST_1_25b.vhd
set_global_assignment -name VHDL_FILE ../components/CONST/CONST_3_16b/CONST_3_16b.vhd
set_global_assignment -name VHDL_FILE ../components/CONST/CONST_0_16b/CONST_0_16b.vhd
set_global_assignment -name BDF_FILE ../bus/BusDecoder/BusDecoder.bdf
set_global_assignment -name BDF_FILE pc/PC_CONTROL.bdf
set_global_assignment -name BDF_FILE ../components/REG/REG32_LD_CL_INC_DEC.bdf
set_global_assignment -name BDF_FILE ../components/REG/REG16_LD_CL_INC_DEC.bdf
set_global_assignment -name BDF_FILE ../components/REG/REG8_LD_CL_INC_DEC.bdf
set_global_assignment -name BDF_FILE ../components/REG/REG1_LD_CL_INC_DEC.bdf
set_global_assignment -name SOURCE_FILE alu
set_global_assignment -name BDF_FILE pc/pc.bdf
set_global_assignment -name BDF_FILE ImmediateGenerator/ImmediateGenTypes.bdf
set_global_assignment -name BDF_FILE ImmediateGenerator/ImmediateGenerator.bdf
set_global_assignment -name BDF_FILE "decode sema.bdf"
set_global_assignment -name BDF_FILE ../components/CMP/CMP16.bdf
set_global_assignment -name BDF_FILE ../components/ADD/ADD32.bdf
set_global_assignment -name BDF_FILE ../components/ADD/ADD16.bdf
set_global_assignment -name BDF_FILE ../components/ADD/ADD8.bdf
set_global_assignment -name BDF_FILE ../components/ADD/ADD4.bdf
set_global_assignment -name BDF_FILE ../components/ADD/ADD2.bdf
set_global_assignment -name BDF_FILE ../components/ADD/ADD1.bdf
set_global_assignment -name BDF_FILE ../components/SUB/SUB32.bdf
set_global_assignment -name BDF_FILE ../components/SUB/SUB16.bdf
set_global_assignment -name BDF_FILE ../components/SUB/SUB8.bdf
set_global_assignment -name BDF_FILE ../components/SUB/SUB4.bdf
set_global_assignment -name BDF_FILE ../components/SUB/SUB2.bdf
set_global_assignment -name BDF_FILE ../components/SUB/SUB1.bdf
set_global_assignment -name BDF_FILE ../components/AND/AND16.bdf
set_global_assignment -name BDF_FILE ../components/AND/AND32.bdf
set_global_assignment -name BDF_FILE decode/ALUDecoder.bdf
set_global_assignment -name BDF_FILE ../components/CMP/CMP1.bdf
set_global_assignment -name BDF_FILE ../components/CMP/CMP8.bdf
set_global_assignment -name BDF_FILE ../components/DECODERS/DEC5.bdf
set_global_assignment -name BDF_FILE ../components/REG/REG1_LD_CL.bdf
set_global_assignment -name BDF_FILE ../components/REG/REG8_LD_CL.bdf
set_global_assignment -name BDF_FILE ../components/REG/REG16_LD_CL.bdf
set_global_assignment -name BDF_FILE ../components/REG/REG32_LD_CL.bdf
set_global_assignment -name BDF_FILE regfile/REGFILE.bdf
set_global_assignment -name QIP_FILE ../components/MPX/MPX32_32bit.qip
set_global_assignment -name QIP_FILE ../components/MPX/MPX32_32bit_2.qip
set_global_assignment -name BDF_FILE ImmediateGenTypes.bdf
set_global_assignment -name QIP_FILE ../components/MPX/MPX5_32bit.qip
set_global_assignment -name BDF_FILE ImmediateGenerator.bdf
set_global_assignment -name BDF_FILE decode/ControlWord.bdf
set_global_assignment -name BDF_FILE ../components/CMP/CMP4.bdf
set_global_assignment -name QIP_FILE ../components/MPX/MPX4_4bit.qip
set_global_assignment -name BDF_FILE ../components/AND/AND2_32BIT.bdf
set_global_assignment -name BDF_FILE ALU/ALU.bdf
set_global_assignment -name BDF_FILE ../components/OR/OR2_32BIT.bdf
set_global_assignment -name BDF_FILE ../components/XOR/XOR2_32BIT.bdf
set_global_assignment -name BDF_FILE ../components/SHIFT/SR_32BIT.bdf
set_global_assignment -name BDF_FILE ../components/SHIFT/SL_32BIT.bdf
set_global_assignment -name BDF_FILE ../components/SHIFT/SR5_32BIT.bdf
set_global_assignment -name BDF_FILE ../components/SHIFT/SL5_32BIT.bdf
set_global_assignment -name BDF_FILE ../components/SHIFT/SRA_SRL_32BIT.bdf
set_global_assignment -name QIP_FILE ../components/MPX/MPX16_32BIT.qip
set_global_assignment -name BDF_FILE ../components/MPX/MUX32_1.bdf
set_global_assignment -name BDF_FILE ../components/MPX/MPX2_32BIT.bdf
set_global_assignment -name BDF_FILE ../components/MPX/MPX2_16BIT.bdf
set_global_assignment -name BDF_FILE ../components/MPX/MPX2.bdf
set_global_assignment -name BDF_FILE ../components/CMP/CMP32.bdf
set_global_assignment -name BDF_FILE Riscv32i.bdf
set_global_assignment -name BDF_FILE DataMemory/DataMemory.bdf
set_global_assignment -name QIP_FILE DataMemory/RAM2.qip
set_global_assignment -name QIP_FILE ../components/MPX/MPX4_32BIT.qip
set_global_assignment -name MIF_FILE InstructionMemory/InicializationData.mif
set_global_assignment -name QIP_FILE InstructionMemory/ROM1.qip
set_global_assignment -name BDF_FILE InstructionMemory/InstructionMemory.bdf
set_global_assignment -name BDF_FILE decode/BranchDecoder.bdf
set_global_assignment -name BDF_FILE riscv32i_BusTest/riscv32i_2.bdf
set_global_assignment -name BDF_FILE ../bus/BusFSM/BusFSM.bdf
set_global_assignment -name BDF_FILE ../components/REG/REG25_LD_CL.bdf
set_global_assignment -name BDF_FILE ../components/MPX/MPX2_25BIT.bdf
set_global_assignment -name BDF_FILE ../components/MPX/MPX2_13BIT.bdf
set_global_assignment -name BDF_FILE ../components/MPX/MPX2_2BIT.bdf
set_global_assignment -name BDF_FILE ../components/ADD/ADD25.bdf
set_global_assignment -name BDF_FILE ../components/TRI/TRI_16b.bdf
set_global_assignment -name QIP_FILE InstructionMemory/ROM2.qip
set_global_assignment -name BDF_FILE ../sdram/sdram_arbiter.bdf
set_global_assignment -name QIP_FILE ../components/MPX/MPX2_26BIT.qip
set_global_assignment -name BDF_FILE riscv32i_BusTest/riscv32i_3.bdf
set_global_assignment -name QIP_FILE "../vga/consts/V_WRAP(665)/V_WRAP.qip"
set_global_assignment -name QIP_FILE "../vga/consts/VSYNC_START(637)/VSYNC_START.qip"
set_global_assignment -name QIP_FILE "../vga/consts/VSYNC_END(643)/VSYNC_END.qip"
set_global_assignment -name QIP_FILE "../vga/consts/VIDEO_V_END(600)/VIDEO_V_END.qip"
set_global_assignment -name VHDL_FILE InstructionMemory/ROM2.vhd
set_global_assignment -name BDF_FILE ../lidar/lidar_controller/LidarController.bdf
set_global_assignment -name BDF_FILE ../lidar/UART_RX/UART_RX.bdf
set_global_assignment -name BDF_FILE ../lidar/packet_parser/PacketParser.bdf
set_global_assignment -name BDF_FILE ../lidar/LidarPointCalculator/AngleGenerator/AngleGenerator.bdf
set_global_assignment -name QIP_FILE "../lidar/LidarPointCalculator/ROM SIN/ROM_SIN.qip"
set_global_assignment -name QIP_FILE ../components/MPX/MPX4_16BIT.qip
set_global_assignment -name BDF_FILE ../lidar/LidarPointCalculator/RealXY/CalculateXY.bdf
set_global_assignment -name QIP_FILE ../components/MUL/MUL_32b.qip
set_global_assignment -name QIP_FILE ../components/MPX/MPX12_16BIT.qip
set_global_assignment -name BDF_FILE ../lidar/LidarInterface/LidarInterface.bdf
set_global_assignment -name SDC_FILE "sdc folder/SDC1.sdc"
set_global_assignment -name BDF_FILE finalnaVerzija/MainScheme.bdf
set_global_assignment -name QIP_FILE ../lidar/lpm_counter/counter_8bit.qip
set_global_assignment -name QIP_FILE ../components/MPX/MPX2_10BIT.qip
set_global_assignment -name QIP_FILE ../components/MPX/MPX2_8BIT.qip
set_global_assignment -name QIP_FILE ../components/MPX/MPX8.qip
set_global_assignment -name QIP_FILE ../components/DECODERS/DEC3.qip
set_global_assignment -name QIP_FILE ../components/MPX/MPX4.qip
set_global_assignment -name BDF_FILE ../bus/testDiod/BusDecoderDiodTest.bdf
set_global_assignment -name BDF_FILE ../bus/testDiod/DiodeTest.bdf
set_global_assignment -name BDF_FILE ../vga/components/PixelAddrCalculator/PixelAddrCalculator.bdf
set_global_assignment -name BDF_FILE ../components/REG/REG10_LD_CL.bdf
set_global_assignment -name QIP_FILE ../lidar/BAUD_GENERATOR/BAUD_GENERATOR.qip
set_global_assignment -name BDF_FILE tests/UART_RX_TEST.bdf
set_global_assignment -name VERILOG_FILE ../lidar/LidarInterface/LidarInterface_fixed2.v
set_global_assignment -name BDF_FILE ../lidar/LidarInterface/LidarInterface2.bdf
set_global_assignment -name BDF_FILE ../lidar/LidarPointCalculator/RealXY/CalculateXY2.bdf
set_global_assignment -name VERILOG_FILE output_files/LidarInterface3.v
set_global_assignment -name QIP_FILE ../lidar/lpm_counter/counter_12bit.qip
set_global_assignment -name BDF_FILE ../lidar/PointBank12/PointBank12.bdf
set_global_assignment -name QIP_FILE ../lidar/PointBank12/LidarFifo.qip
set_global_assignment -name SOURCE_FILE db/Riscv32i.cmp.rdb
set_global_assignment -name BDF_FILE ../bus/VgaBusInterface/VgaBusInterface.bdf
set_global_assignment -name VHDL_FILE "../components/PC SHOW ON DISPLAY/SevenSegmentInterfaceDEC.vhd"
set_global_assignment -name VHDL_FILE "../components/PC SHOW ON DISPLAY/Binary2BCD.vhd"
set_instance_assignment -name PARTITION_HIERARCHY root_partition -to | -section_id Top