# -------------------------------------------------------------------------- #
#
# Copyright (C) 1991-2013 Altera Corporation
# Your use of Altera Corporation's design tools, logic functions 
# and other software and tools, and its AMPP partner logic 
# functions, and any output files from any of the foregoing 
# (including device programming or simulation files), and any 
# associated documentation or information are expressly subject 
# to the terms and conditions of the Altera Program License 
# Subscription Agreement, Altera MegaCore Function License 
# Agreement, or other applicable license agreement, including, 
# without limitation, that your use is for the sole purpose of 
# programming logic devices manufactured by Altera and sold by 
# Altera or its authorized distributors.  Please refer to the 
# applicable agreement for further details.
#
# -------------------------------------------------------------------------- #
#
# Quartus II 64-Bit
# Version 13.0.1 Build 232 06/12/2013 Service Pack 1 SJ Web Edition
# Date created = 14:27:30  July 14, 2026
#
# -------------------------------------------------------------------------- #
#
# Notes:
#
# 1) The default values for assignments are stored in the file:
#		AR_assignment_defaults.qdf
#    If this file doesn't exist, see file:
#		assignment_defaults.qdf
#
# 2) Altera recommends that you do not modify this file. This
#    file is updated automatically by the Quartus II software
#    and any changes you make may be lost or overwritten.
#
# -------------------------------------------------------------------------- #


set_global_assignment -name FAMILY "Cyclone III"
set_global_assignment -name DEVICE EP3C16F484C6
set_global_assignment -name TOP_LEVEL_ENTITY PacketParser
set_global_assignment -name ORIGINAL_QUARTUS_VERSION "13.0 SP1"
set_global_assignment -name PROJECT_CREATION_TIME_DATE "14:27:30  JULY 14, 2026"
set_global_assignment -name LAST_QUARTUS_VERSION 13.1
set_global_assignment -name PROJECT_OUTPUT_DIRECTORY output_files
set_global_assignment -name MIN_CORE_JUNCTION_TEMP 0
set_global_assignment -name MAX_CORE_JUNCTION_TEMP 85
set_global_assignment -name ERROR_CHECK_FREQUENCY_DIVISOR 256
set_global_assignment -name POWER_PRESET_COOLING_SOLUTION "23 MM HEAT SINK WITH 200 LFPM AIRFLOW"
set_global_assignment -name POWER_BOARD_THERMAL_MODEL "NONE (CONSERVATIVE)"
set_global_assignment -name SEARCH_PATH "c:\\users\\aleksandar\\documents\\github\\ar\\components\\const\\const_0_16b"
set_global_assignment -name SEARCH_PATH "c:\\users\\aleksandar\\documents\\github\\ar\\components\\const\\const_10000_16b"
set_global_assignment -name SEARCH_PATH "c:\\users\\aleksandar\\documents\\github\\ar\\components\\reg"
set_global_assignment -name SEARCH_PATH "c:\\users\\aleksandar\\documents\\github\\ar\\components\\cmp"
set_global_assignment -name SEARCH_PATH "c:\\users\\aleksandar\\documents\\github\\ar\\components"
set_global_assignment -name EDA_SIMULATION_TOOL "ModelSim-Altera (Verilog)"
set_global_assignment -name EDA_TIME_SCALE "1 ps" -section_id eda_simulation
set_global_assignment -name EDA_OUTPUT_DATA_FORMAT "VERILOG HDL" -section_id eda_simulation
set_global_assignment -name EDA_TEST_BENCH_ENABLE_STATUS TEST_BENCH_MODE -section_id eda_simulation
set_global_assignment -name EDA_NATIVELINK_SIMULATION_TEST_BENCH tb_sdram_controller_init -section_id eda_simulation
set_global_assignment -name EDA_TEST_BENCH_NAME tb_sdram_controller_init -section_id eda_simulation
set_global_assignment -name EDA_DESIGN_INSTANCE_NAME NA -section_id tb_sdram_controller_init
set_global_assignment -name EDA_TEST_BENCH_MODULE_NAME tb_sdram_controller_init -section_id tb_sdram_controller_init
set_global_assignment -name EDA_TEST_BENCH_FILE ../components/tests/sdram_tests/tb_sdram_controller_init.v -section_id tb_sdram_controller_init
set_global_assignment -name STRATIX_DEVICE_IO_STANDARD "2.5 V"
set_global_assignment -name ENABLE_CONFIGURATION_PINS OFF
set_global_assignment -name ENABLE_NCE_PIN OFF
set_global_assignment -name ENABLE_BOOT_SEL_PIN OFF
set_global_assignment -name USE_CONFIGURATION_DEVICE OFF
set_global_assignment -name CRC_ERROR_OPEN_DRAIN OFF
set_global_assignment -name CYCLONEII_RESERVE_NCEO_AFTER_CONFIGURATION "USE AS REGULAR IO"
set_global_assignment -name OUTPUT_IO_TIMING_NEAR_END_VMEAS "HALF VCCIO" -rise
set_global_assignment -name OUTPUT_IO_TIMING_NEAR_END_VMEAS "HALF VCCIO" -fall
set_global_assignment -name OUTPUT_IO_TIMING_FAR_END_VMEAS "HALF SIGNAL SWING" -rise
set_global_assignment -name OUTPUT_IO_TIMING_FAR_END_VMEAS "HALF SIGNAL SWING" -fall
set_global_assignment -name BDF_FILE ../components/CMP/CMP4.bdf
set_global_assignment -name BDF_FILE ../vga/Layers/Background/Layer0.bdf
set_global_assignment -name VHDL_FILE "../vga/components/RegX & CMPX/RegisterX.vhd"
set_global_assignment -name VHDL_FILE "../vga/components/RegX & CMPX/MultiplexerX.vhd"
set_global_assignment -name VHDL_FILE "../vga/components/Compator & constant/ConstantX.vhd"
set_global_assignment -name VHDL_FILE "../vga/components/Compator & constant/ComparatorX.vhd"
set_global_assignment -name VHDL_FILE ../vga/components/ClockDivider/ClockDivider.vhd
set_global_assignment -name BDF_FILE ../vga/VGAControler/Controller.bdf
set_global_assignment -name BDF_FILE ../bus/BusDecoder/BusDecoder.bdf
set_global_assignment -name BDF_FILE ../components/MPX/MPX2_32BIT.bdf
set_global_assignment -name BDF_FILE ../components/MPX/MUX32_1.bdf
set_global_assignment -name VHDL_FILE ../components/MPX/MPX32_32bit_2.vhd
set_global_assignment -name VHDL_FILE ../components/MPX/MPX32_32bit.vhd
set_global_assignment -name VHDL_FILE ../components/MPX/MPX16_32BIT.vhd
set_global_assignment -name VHDL_FILE ../components/MPX/MPX5_32bit.vhd
set_global_assignment -name VHDL_FILE ../components/MPX/MPX4_32BIT.vhd
set_global_assignment -name VHDL_FILE ../components/MPX/MPX4_4bit.vhd
set_global_assignment -name VERILOG_FILE ../components/CONST/CONST_1_25b/CONST_1_25b.v
set_global_assignment -name BDF_FILE ../components/ADD/ADD4.bdf
set_global_assignment -name BDF_FILE ../components/ADD/ADD2.bdf
set_global_assignment -name BDF_FILE ../components/ADD/ADD16.bdf
set_global_assignment -name BDF_FILE ../components/ADD/ADD8.bdf
set_global_assignment -name BDF_FILE ../components/ADD/ADD1.bdf
set_global_assignment -name VERILOG_FILE ../components/CONST/CONST_CMD_PRE_16b/CONST_CMD_PRE_16b.v
set_global_assignment -name VERILOG_FILE ../components/CONST/CONST_CMD_WRITE_16b/CONST_CMD_WRITE_16b.v
set_global_assignment -name VERILOG_FILE ../components/CONST/CONST_CMD_READ_16b/CONST_CMD_READ_16b.v
set_global_assignment -name VERILOG_FILE ../components/CONST/CONST_CMD_ACTIVE_16b/CONST_CMD_ACTIVE_16b.v
set_global_assignment -name VERILOG_FILE ../components/CONST/CONST_8_16b/CONST_8_16b.v
set_global_assignment -name VERILOG_FILE ../components/CONST/CONST_MODE_030_13b/CONST_MODE_030_13b.v
set_global_assignment -name VERILOG_FILE ../components/CONST/CONST_CMD_MRS_16b/CONST_CMD_MRS_16b.v
set_global_assignment -name BDF_FILE ../components/MPX/MPX2.bdf
set_global_assignment -name VERILOG_FILE ../components/CONST/CONST_CMD_REFRESH_16b/CONST_CMD_REFRESH_16b.v
set_global_assignment -name VERILOG_FILE ../components/CONST/CONST_CMD_PALL_16b/CONST_CMD_PALL_16b.v
set_global_assignment -name VERILOG_FILE ../components/CONST/CONST_CMD_NOP_16b/CONST_CMD_NOP_16b.v
set_global_assignment -name VERILOG_FILE ../components/CONST/CONST_389_16b/CONST_389_16b.v
set_global_assignment -name VERILOG_FILE ../components/CONST/CONST_3_16b/CONST_3_16b.v
set_global_assignment -name BDF_FILE ../components/CMP/CMP32.bdf
set_global_assignment -name BDF_FILE ../components/CMP/CMP16.bdf
set_global_assignment -name BDF_FILE ../components/CMP/CMP8.bdf
set_global_assignment -name BDF_FILE ../components/CMP/CMP1.bdf
set_global_assignment -name QIP_FILE CONST_10000_16b.qip
set_global_assignment -name BDF_FILE ../components/REG/REG32_LD_CL_INC_DEC_SL_SR.bdf
set_global_assignment -name BDF_FILE ../components/REG/REG32_LD_CL_INC_DEC.bdf
set_global_assignment -name BDF_FILE ../components/REG/REG32_LD_CL.bdf
set_global_assignment -name BDF_FILE ../components/REG/REG16_LD_CL_INC_DEC_SL_SR.bdf
set_global_assignment -name BDF_FILE ../components/REG/REG16_LD_CL.bdf
set_global_assignment -name BDF_FILE ../components/REG/REG8_LD_CL_INC_DEC_SL_SR.bdf
set_global_assignment -name BDF_FILE ../components/REG/REG8_LD_CL_INC_DEC.bdf
set_global_assignment -name BDF_FILE ../components/REG/REG8_LD_CL.bdf
set_global_assignment -name BDF_FILE ../components/REG/REG1_LD_CL_INC_DEC_SL_SR.bdf
set_global_assignment -name BDF_FILE ../components/REG/REG1_LD_CL_INC_DEC.bdf
set_global_assignment -name BDF_FILE ../components/REG/REG16_LD_CL_INC_DEC.bdf
set_global_assignment -name BDF_FILE ../components/REG/REG1_LD_CL.bdf
set_global_assignment -name BDF_FILE ../sdram/sdram_controller.bdf
set_global_assignment -name VERILOG_FILE ../components/tests/sdram_tests/tb_sdram_controller_init.v
set_global_assignment -name VERILOG_FILE ../components/CONST/CONST_0_16b/CONST_0_16b.v
set_global_assignment -name VERILOG_FILE ../components/CONST/CONST_10000_16b/CONST_10000_16b.v
set_global_assignment -name BDF_FILE ../components/DECODERS/DEC5.bdf
set_global_assignment -name BDF_FILE ../components/MPX/MPX2_16BIT.bdf
set_global_assignment -name BDF_FILE ../components/MPX/MPX2_13BIT.bdf
set_global_assignment -name BDF_FILE ../components/MPX/MPX2_2BIT.bdf
set_global_assignment -name BDF_FILE ../components/TRI/TRI_16b.bdf
set_global_assignment -name BDF_FILE ../components/REG/REG25_LD_CL.bdf
set_global_assignment -name BDF_FILE ../sdram/sdram_wrapper.bdf
set_global_assignment -name BDF_FILE ../components/MPX/MPX2_25BIT.bdf
set_global_assignment -name BDF_FILE ../components/ADD/ADD25.bdf
set_global_assignment -name BDF_FILE ../bus/BusFSM/BusFSM.bdf
set_global_assignment -name BDF_FILE ../bus/BusFSM/BusFSM2.bdf
set_global_assignment -name BDF_FILE ../vga/components/RisignEdge/RisingEdgeDetector.bdf
set_global_assignment -name BDF_FILE ../vga/Layers/Background/BackgroundMain.bdf
set_global_assignment -name BDF_FILE ../vga/Monitor/Monitor.bdf
set_global_assignment -name BDF_FILE ../vga/Layers/Point/Point.bdf
set_global_assignment -name BDF_FILE ../lidar/UART_RX/UART_RX.bdf
set_global_assignment -name QIP_FILE ../lidar/BAUD_GENERATOR/BAUD_GENERATOR.qip
set_global_assignment -name QIP_FILE ../lidar/lpm_counter/counter_8bit.qip
set_global_assignment -name BDF_FILE ../lidar/packet_parser/PacketParser.bdf
set_global_assignment -name PARTITION_NETLIST_TYPE SOURCE -section_id Top
set_global_assignment -name PARTITION_FITTER_PRESERVATION_LEVEL PLACEMENT_AND_ROUTING -section_id Top
set_global_assignment -name PARTITION_COLOR 16764057 -section_id Top
set_global_assignment -name BDF_FILE "../lidar/Lidar Bus/LidarBusInterface.bdf"
set_global_assignment -name VERILOG_FILE ../components/MUX16.v
set_instance_assignment -name PARTITION_HIERARCHY root_partition -to | -section_id Top