# -------------------------------------------------------------------------- #
#
# Copyright (C) 1991-2013 Altera Corporation
# Your use of Altera Corporation's design tools, logic functions 
# and other software and tools, and its AMPP partner logic 
# functions, and any output files from any of the foregoing 
# (including device programming or simulation files), and any 
# associated documentation or information are expressly subject 
# to the terms and conditions of the Altera Program License 
# Subscription Agreement, Altera MegaCore Function License 
# Agreement, or other applicable license agreement, including, 
# without limitation, that your use is for the sole purpose of 
# programming logic devices manufactured by Altera and sold by 
# Altera or its authorized distributors.  Please refer to the 
# applicable agreement for further details.
#
# -------------------------------------------------------------------------- #
#
# Quartus II 64-Bit
# Version 13.1.0 Build 162 10/23/2013 SJ Web Edition
# Date created = 02:39:16  August 31, 2026
#
# -------------------------------------------------------------------------- #
#
# Notes:
#
# 1) The default values for assignments are stored in the file:
#		VgaTest3_assignment_defaults.qdf
#    If this file doesn't exist, see file:
#		assignment_defaults.qdf
#
# 2) Altera recommends that you do not modify this file. This
#    file is updated automatically by the Quartus II software
#    and any changes you make may be lost or overwritten.
#
# -------------------------------------------------------------------------- #


set_global_assignment -name FAMILY "Cyclone V"
set_global_assignment -name DEVICE 5CEBA4F23C7
set_global_assignment -name TOP_LEVEL_ENTITY VgaTest3
set_global_assignment -name ORIGINAL_QUARTUS_VERSION 13.1
set_global_assignment -name PROJECT_CREATION_TIME_DATE "02:39:16  AUGUST 31, 2026"
set_global_assignment -name LAST_QUARTUS_VERSION 13.1
set_global_assignment -name PROJECT_OUTPUT_DIRECTORY output_files
set_global_assignment -name MIN_CORE_JUNCTION_TEMP 0
set_global_assignment -name MAX_CORE_JUNCTION_TEMP 85
set_global_assignment -name ERROR_CHECK_FREQUENCY_DIVISOR 256
set_global_assignment -name EDA_SIMULATION_TOOL "ModelSim-Altera (VHDL)"
set_global_assignment -name EDA_OUTPUT_DATA_FORMAT VHDL -section_id eda_simulation
set_global_assignment -name PARTITION_NETLIST_TYPE SOURCE -section_id Top
set_global_assignment -name PARTITION_FITTER_PRESERVATION_LEVEL PLACEMENT_AND_ROUTING -section_id Top
set_global_assignment -name PARTITION_COLOR 16764057 -section_id Top
set_global_assignment -name POWER_PRESET_COOLING_SOLUTION "23 MM HEAT SINK WITH 200 LFPM AIRFLOW"
set_global_assignment -name POWER_BOARD_THERMAL_MODEL "NONE (CONSERVATIVE)"
set_global_assignment -name STRATIX_DEVICE_IO_STANDARD "2.5 V"
set_location_assignment PIN_AA2 -to PIXEL_CHANGED
set_location_assignment PIN_L1 -to OUT[7]
set_location_assignment PIN_L2 -to OUT[6]
set_location_assignment PIN_U1 -to OUT[5]
set_location_assignment PIN_U2 -to OUT[4]
set_location_assignment PIN_N1 -to OUT[3]
set_location_assignment PIN_N2 -to OUT[2]
set_location_assignment PIN_Y3 -to OUT[1]
set_location_assignment PIN_W2 -to OUT[0]
set_location_assignment PIN_U7 -to BTN
set_location_assignment PIN_AA1 -to v
set_location_assignment PIN_U21 -to SET_PIXEL
set_global_assignment -name BDF_FILE ../../vga/components/PixelAddrCalculator/PixelAddrCalculator.bdf
set_global_assignment -name BDF_FILE ../../components/REG/REG10_LD_CL.bdf
set_global_assignment -name BDF_FILE ../../components/MPX/MPX2_16BIT.bdf
set_global_assignment -name BDF_FILE ../../vga/components/RisignEdge/RisingEdgeDetector.bdf
set_global_assignment -name VHDL_FILE "../../vga/components/RegX & CMPX/RegisterX.vhd"
set_global_assignment -name VHDL_FILE "../../vga/components/RegX & CMPX/MultiplexerX.vhd"
set_global_assignment -name VHDL_FILE ../../components/DECODERS/DEC3.vhd
set_global_assignment -name BDF_FILE ../../components/REG/REG32_LD_CL_INC_DEC_SL_SR.bdf
set_global_assignment -name BDF_FILE ../../components/REG/REG32_LD_CL_INC_DEC.bdf
set_global_assignment -name BDF_FILE ../../components/REG/REG32_LD_CL.bdf
set_global_assignment -name BDF_FILE ../../components/REG/REG25_LD_CL.bdf
set_global_assignment -name BDF_FILE ../../components/REG/REG16_LD_CL_INC_DEC_SL_SR.bdf
set_global_assignment -name BDF_FILE ../../components/REG/REG16_LD_CL_INC_DEC.bdf
set_global_assignment -name BDF_FILE ../../components/REG/REG16_LD_CL.bdf
set_global_assignment -name BDF_FILE ../../components/REG/REG8_LD_CL_INC_DEC_SL_SR.bdf
set_global_assignment -name BDF_FILE ../../components/REG/REG8_LD_CL_INC_DEC.bdf
set_global_assignment -name BDF_FILE ../../components/REG/REG8_LD_CL.bdf
set_global_assignment -name BDF_FILE ../../components/REG/REG4_LD_CL.bdf
set_global_assignment -name BDF_FILE ../../components/REG/REG1_LD_CL_INC_DEC_SL_SR.bdf
set_global_assignment -name BDF_FILE ../../components/REG/REG1_LD_CL_INC_DEC.bdf
set_global_assignment -name BDF_FILE ../../components/REG/REG1_LD_CL.bdf
set_global_assignment -name BDF_FILE ../../components/ADD/ADD32.bdf
set_global_assignment -name BDF_FILE ../../components/ADD/ADD25.bdf
set_global_assignment -name BDF_FILE ../../components/ADD/ADD16.bdf
set_global_assignment -name BDF_FILE ../../components/ADD/ADD8.bdf
set_global_assignment -name BDF_FILE ../../components/ADD/ADD4.bdf
set_global_assignment -name BDF_FILE ../../components/ADD/ADD2.bdf
set_global_assignment -name BDF_FILE ../../components/ADD/ADD1.bdf
set_global_assignment -name VHDL_FILE ../../components/MPX/MPX8.vhd
set_global_assignment -name BDF_FILE ../../components/MPX/MPX2_2BIT.bdf
set_global_assignment -name BDF_FILE ../../vga/Monitor/Monitor.bdf
set_global_assignment -name VHDL_FILE "../../vga/components/Compator & constant/ConstantX.vhd"
set_global_assignment -name VHDL_FILE "../../vga/components/Compator & constant/ComparatorX.vhd"
set_global_assignment -name SOURCE_FILE db/VgaTest3.cmp.rdb
set_global_assignment -name VHDL_FILE ../../components/MPX/MPX2_10BIT.vhd
set_global_assignment -name VHDL_FILE ../../vga/components/ClockDivider/ClockDivider_ns.vhd
set_global_assignment -name BDF_FILE ../../vga/Layers/Background/BackgroundMain.bdf
set_global_assignment -name BDF_FILE ../../vga/FrameBuffer/FrameBufferWrapper.bdf
set_global_assignment -name VHDL_FILE ../../vga/FrameBuffer/FrameBufferRAM.vhd
set_global_assignment -name BDF_FILE ../../vga/FrameBuffer/FrameBuffer.bdf
set_global_assignment -name BDF_FILE ../../vga/VGAControler/Controller2.bdf
set_global_assignment -name BDF_FILE ../../vga/VGAControler/Controller.bdf
set_global_assignment -name VHDL_FILE ../../components/MPX/MPX2_8BIT.vhd
set_global_assignment -name BDF_FILE ../../components/MPX/MPX2.bdf
set_location_assignment PIN_A7 -to B[3]
set_location_assignment PIN_A8 -to B[2]
set_location_assignment PIN_B7 -to B[1]
set_location_assignment PIN_B6 -to B[0]
set_location_assignment PIN_M9 -to CLK
set_location_assignment PIN_J8 -to G[3]
set_location_assignment PIN_J7 -to G[2]
set_location_assignment PIN_K7 -to G[1]
set_location_assignment PIN_L7 -to G[0]
set_location_assignment PIN_H8 -to HS
set_location_assignment PIN_A5 -to R[3]
set_location_assignment PIN_C9 -to R[2]
set_location_assignment PIN_B10 -to R[1]
set_location_assignment PIN_A9 -to R[0]
set_location_assignment PIN_G8 -to VS
set_instance_assignment -name PARTITION_HIERARCHY root_partition -to | -section_id Top